
Microsoft Visual Studio Solution File, Format Version 12.00
# Visual Studio 15
Project("{FAE04EC0-301F-11D3-BF4B-00C04F79EFBC}") = "CustomSearchBar.Android", "CustomSearchBar.Android\CustomSearchBar.Android.csproj", "{F7F9AB32-0CC0-40BC-B00F-52CE6B12B885}"
EndProject
Project("{FAE04EC0-301F-11D3-BF4B-00C04F79EFBC}") = "CustomSearchBar.iOS", "CustomSearchBar.iOS\CustomSearchBar.iOS.csproj", "{C31D6133-7C65-4B04-9A17-26CBA70BAED5}"
EndProject
Project("{FAE04EC0-301F-11D3-BF4B-00C04F79EFBC}") = "CustomSearchBar", "CustomSearchBar\CustomSearchBar.csproj", "{A62D5871-2A5A-4A8D-AC1F-C3C10EEB8D9A}"
EndProject
Global
	GlobalSection(SolutionConfigurationPlatforms) = preSolution
		Debug|Any CPU = Debug|Any CPU
		Release|Any CPU = Release|Any CPU
		Debug|iPhoneSimulator = Debug|iPhoneSimulator
		Release|iPhoneSimulator = Release|iPhoneSimulator
		Debug|iPhone = Debug|iPhone
		Release|iPhone = Release|iPhone
	EndGlobalSection
	GlobalSection(ProjectConfigurationPlatforms) = postSolution
		{F7F9AB32-0CC0-40BC-B00F-52CE6B12B885}.Debug|Any CPU.ActiveCfg = Debug|Any CPU
		{F7F9AB32-0CC0-40BC-B00F-52CE6B12B885}.Debug|Any CPU.Build.0 = Debug|Any CPU
		{F7F9AB32-0CC0-40BC-B00F-52CE6B12B885}.Release|Any CPU.ActiveCfg = Release|Any CPU
		{F7F9AB32-0CC0-40BC-B00F-52CE6B12B885}.Release|Any CPU.Build.0 = Release|Any CPU
		{F7F9AB32-0CC0-40BC-B00F-52CE6B12B885}.Debug|iPhoneSimulator.ActiveCfg = Debug|Any CPU
		{F7F9AB32-0CC0-40BC-B00F-52CE6B12B885}.Debug|iPhoneSimulator.Build.0 = Debug|Any CPU
		{F7F9AB32-0CC0-40BC-B00F-52CE6B12B885}.Release|iPhoneSimulator.ActiveCfg = Release|Any CPU
		{F7F9AB32-0CC0-40BC-B00F-52CE6B12B885}.Release|iPhoneSimulator.Build.0 = Release|Any CPU
		{F7F9AB32-0CC0-40BC-B00F-52CE6B12B885}.Debug|iPhone.ActiveCfg = Debug|Any CPU
		{F7F9AB32-0CC0-40BC-B00F-52CE6B12B885}.Debug|iPhone.Build.0 = Debug|Any CPU
		{F7F9AB32-0CC0-40BC-B00F-52CE6B12B885}.Release|iPhone.ActiveCfg = Release|Any CPU
		{F7F9AB32-0CC0-40BC-B00F-52CE6B12B885}.Release|iPhone.Build.0 = Release|Any CPU
		{C31D6133-7C65-4B04-9A17-26CBA70BAED5}.Debug|Any CPU.ActiveCfg = Debug|iPhoneSimulator
		{C31D6133-7C65-4B04-9A17-26CBA70BAED5}.Debug|Any CPU.Build.0 = Debug|iPhoneSimulator
		{C31D6133-7C65-4B04-9A17-26CBA70BAED5}.Release|Any CPU.ActiveCfg = Release|iPhoneSimulator
		{C31D6133-7C65-4B04-9A17-26CBA70BAED5}.Release|Any CPU.Build.0 = Release|iPhoneSimulator
		{C31D6133-7C65-4B04-9A17-26CBA70BAED5}.Debug|iPhoneSimulator.ActiveCfg = Debug|iPhoneSimulator
		{C31D6133-7C65-4B04-9A17-26CBA70BAED5}.Debug|iPhoneSimulator.Build.0 = Debug|iPhoneSimulator
		{C31D6133-7C65-4B04-9A17-26CBA70BAED5}.Release|iPhoneSimulator.ActiveCfg = Release|iPhoneSimulator
		{C31D6133-7C65-4B04-9A17-26CBA70BAED5}.Release|iPhoneSimulator.Build.0 = Release|iPhoneSimulator
		{C31D6133-7C65-4B04-9A17-26CBA70BAED5}.Debug|iPhone.ActiveCfg = Debug|iPhone
		{C31D6133-7C65-4B04-9A17-26CBA70BAED5}.Debug|iPhone.Build.0 = Debug|iPhone
		{C31D6133-7C65-4B04-9A17-26CBA70BAED5}.Release|iPhone.ActiveCfg = Release|iPhone
		{C31D6133-7C65-4B04-9A17-26CBA70BAED5}.Release|iPhone.Build.0 = Release|iPhone
		{A62D5871-2A5A-4A8D-AC1F-C3C10EEB8D9A}.Debug|Any CPU.ActiveCfg = Debug|Any CPU
		{A62D5871-2A5A-4A8D-AC1F-C3C10EEB8D9A}.Debug|Any CPU.Build.0 = Debug|Any CPU
		{A62D5871-2A5A-4A8D-AC1F-C3C10EEB8D9A}.Release|Any CPU.ActiveCfg = Release|Any CPU
		{A62D5871-2A5A-4A8D-AC1F-C3C10EEB8D9A}.Release|Any CPU.Build.0 = Release|Any CPU
		{A62D5871-2A5A-4A8D-AC1F-C3C10EEB8D9A}.Debug|iPhoneSimulator.ActiveCfg = Debug|Any CPU
		{A62D5871-2A5A-4A8D-AC1F-C3C10EEB8D9A}.Debug|iPhoneSimulator.Build.0 = Debug|Any CPU
		{A62D5871-2A5A-4A8D-AC1F-C3C10EEB8D9A}.Release|iPhoneSimulator.ActiveCfg = Release|Any CPU
		{A62D5871-2A5A-4A8D-AC1F-C3C10EEB8D9A}.Release|iPhoneSimulator.Build.0 = Release|Any CPU
		{A62D5871-2A5A-4A8D-AC1F-C3C10EEB8D9A}.Debug|iPhone.ActiveCfg = Debug|Any CPU
		{A62D5871-2A5A-4A8D-AC1F-C3C10EEB8D9A}.Debug|iPhone.Build.0 = Debug|Any CPU
		{A62D5871-2A5A-4A8D-AC1F-C3C10EEB8D9A}.Release|iPhone.ActiveCfg = Release|Any CPU
		{A62D5871-2A5A-4A8D-AC1F-C3C10EEB8D9A}.Release|iPhone.Build.0 = Release|Any CPU
	EndGlobalSection
EndGlobal
